Microsoft Visual Studio Solution File, Format Version 12.00
# Visual Studio 15
VisualStudioVersion = 15.0.26124.0
MinimumVisualStudioVersion = 15.0.26124.0
Project("{9A19103F-16F7-4668-BE54-9A1E7A4F7556}") = "Primeservice", "Primeservice\Primeservice.csproj", "{D0F34102-1A7D-4B3E-A591-88C745D165E7}"
EndProject
Project("{9A19103F-16F7-4668-BE54-9A1E7A4F7556}") = "PrimeService.Tests", "PrimeService.Tests\PrimeService.Tests.csproj", "{ACB782CF-5DDF-4330-89CF-27BFB1180654}"
EndProject
Global
	GlobalSection(SolutionConfigurationPlatforms) = preSolution
		Debug|Any CPU = Debug|Any CPU
		Debug|x64 = Debug|x64
		Debug|x86 = Debug|x86
		Release|Any CPU = Release|Any CPU
		Release|x64 = Release|x64
		Release|x86 = Release|x86
	EndGlobalSection
	GlobalSection(ProjectConfigurationPlatforms) = postSolution
		{D0F34102-1A7D-4B3E-A591-88C745D165E7}.Debug|Any CPU.ActiveCfg = Debug|Any CPU
		{D0F34102-1A7D-4B3E-A591-88C745D165E7}.Debug|Any CPU.Build.0 = Debug|Any CPU
		{D0F34102-1A7D-4B3E-A591-88C745D165E7}.Debug|x64.ActiveCfg = Debug|Any CPU
		{D0F34102-1A7D-4B3E-A591-88C745D165E7}.Debug|x64.Build.0 = Debug|Any CPU
		{D0F34102-1A7D-4B3E-A591-88C745D165E7}.Debug|x86.ActiveCfg = Debug|Any CPU
		{D0F34102-1A7D-4B3E-A591-88C745D165E7}.Debug|x86.Build.0 = Debug|Any CPU
		{D0F34102-1A7D-4B3E-A591-88C745D165E7}.Release|Any CPU.ActiveCfg = Release|Any CPU
		{D0F34102-1A7D-4B3E-A591-88C745D165E7}.Release|Any CPU.Build.0 = Release|Any CPU
		{D0F34102-1A7D-4B3E-A591-88C745D165E7}.Release|x64.ActiveCfg = Release|Any CPU
		{D0F34102-1A7D-4B3E-A591-88C745D165E7}.Release|x64.Build.0 = Release|Any CPU
		{D0F34102-1A7D-4B3E-A591-88C745D165E7}.Release|x86.ActiveCfg = Release|Any CPU
		{D0F34102-1A7D-4B3E-A591-88C745D165E7}.Release|x86.Build.0 = Release|Any CPU
		{ACB782CF-5DDF-4330-89CF-27BFB1180654}.Debug|Any CPU.ActiveCfg = Debug|Any CPU
		{ACB782CF-5DDF-4330-89CF-27BFB1180654}.Debug|Any CPU.Build.0 = Debug|Any CPU
		{ACB782CF-5DDF-4330-89CF-27BFB1180654}.Debug|x64.ActiveCfg = Debug|Any CPU
		{ACB782CF-5DDF-4330-89CF-27BFB1180654}.Debug|x64.Build.0 = Debug|Any CPU
		{ACB782CF-5DDF-4330-89CF-27BFB1180654}.Debug|x86.ActiveCfg = Debug|Any CPU
		{ACB782CF-5DDF-4330-89CF-27BFB1180654}.Debug|x86.Build.0 = Debug|Any CPU
		{ACB782CF-5DDF-4330-89CF-27BFB1180654}.Release|Any CPU.ActiveCfg = Release|Any CPU
		{ACB782CF-5DDF-4330-89CF-27BFB1180654}.Release|Any CPU.Build.0 = Release|Any CPU
		{ACB782CF-5DDF-4330-89CF-27BFB1180654}.Release|x64.ActiveCfg = Release|Any CPU
		{ACB782CF-5DDF-4330-89CF-27BFB1180654}.Release|x64.Build.0 = Release|Any CPU
		{ACB782CF-5DDF-4330-89CF-27BFB1180654}.Release|x86.ActiveCfg = Release|Any CPU
		{ACB782CF-5DDF-4330-89CF-27BFB1180654}.Release|x86.Build.0 = Release|Any CPU
	EndGlobalSection
	GlobalSection(SolutionProperties) = preSolution
		HideSolutionNode = FALSE
	EndGlobalSection
	GlobalSection(ExtensibilityGlobals) = postSolution
		SolutionGuid = {791A8744-DE23-439C-8B01-34A7CE0A3B79}
	EndGlobalSection
EndGlobal
